
Microsoft Visual Studio Solution File, Format Version 12.00
# Visual Studio 15
Project("{FAE04EC0-301F-11D3-BF4B-00C04F79EFBC}") = "Assembly-CSharp", "Assembly-CSharp.csproj", "{CCFF2AC7-DC3C-09FE-7228-FDBD858EA01E}"
EndProject
Project("{FAE04EC0-301F-11D3-BF4B-00C04F79EFBC}") = "Assembly-CSharp-Editor", "Assembly-CSharp-Editor.csproj", "{402E3CD7-56F6-1B03-0896-DD83FBF9CA01}"
EndProject
Global
	GlobalSection(SolutionConfigurationPlatforms) = preSolution
		Debug|Any CPU = Debug|Any CPU
		Release|Any CPU = Release|Any CPU
	EndGlobalSection
	GlobalSection(ProjectConfigurationPlatforms) = postSolution
		{CCFF2AC7-DC3C-09FE-7228-FDBD858EA01E}.Debug|Any CPU.ActiveCfg = Debug|Any CPU
		{CCFF2AC7-DC3C-09FE-7228-FDBD858EA01E}.Debug|Any CPU.Build.0 = Debug|Any CPU
		{CCFF2AC7-DC3C-09FE-7228-FDBD858EA01E}.Release|Any CPU.ActiveCfg = Release|Any CPU
		{CCFF2AC7-DC3C-09FE-7228-FDBD858EA01E}.Release|Any CPU.Build.0 = Release|Any CPU
		{402E3CD7-56F6-1B03-0896-DD83FBF9CA01}.Debug|Any CPU.ActiveCfg = Debug|Any CPU
		{402E3CD7-56F6-1B03-0896-DD83FBF9CA01}.Debug|Any CPU.Build.0 = Debug|Any CPU
		{402E3CD7-56F6-1B03-0896-DD83FBF9CA01}.Release|Any CPU.ActiveCfg = Release|Any CPU
		{402E3CD7-56F6-1B03-0896-DD83FBF9CA01}.Release|Any CPU.Build.0 = Release|Any CPU
	EndGlobalSection
	GlobalSection(SolutionProperties) = preSolution
		HideSolutionNode = FALSE
	EndGlobalSection
EndGlobal
